
Microsoft Visual Studio Solution File, Format Version 12.00
# Visual Studio Version 17
VisualStudioVersion = 17.0.31903.59
MinimumVisualStudioVersion = 10.0.40219.1
Project("{FAE04EC0-301F-11D3-BF4B-00C04F79EFBC}") = "Code.SimpleWebApi.UnitTests", "Code.SimpleWebApi.UnitTests\Code.SimpleWebApi.UnitTests.csproj", "{DFDEDBDE-A155-41AF-B580-F0909972CCB7}"
EndProject
Project("{FAE04EC0-301F-11D3-BF4B-00C04F79EFBC}") = "Coda.SimpleWebApi", "..\src\Coda.SimpleWebApi\Coda.SimpleWebApi.csproj", "{647309AD-66AE-4C80-8ABF-5C20CE06E680}"
EndProject
Global
	GlobalSection(SolutionConfigurationPlatforms) = preSolution
		Debug|Any CPU = Debug|Any CPU
		Release|Any CPU = Release|Any CPU
	EndGlobalSection
	GlobalSection(SolutionProperties) = preSolution
		HideSolutionNode = FALSE
	EndGlobalSection
	GlobalSection(ProjectConfigurationPlatforms) = postSolution
		{DFDEDBDE-A155-41AF-B580-F0909972CCB7}.Debug|Any CPU.ActiveCfg = Debug|Any CPU
		{DFDEDBDE-A155-41AF-B580-F0909972CCB7}.Debug|Any CPU.Build.0 = Debug|Any CPU
		{DFDEDBDE-A155-41AF-B580-F0909972CCB7}.Release|Any CPU.ActiveCfg = Release|Any CPU
		{DFDEDBDE-A155-41AF-B580-F0909972CCB7}.Release|Any CPU.Build.0 = Release|Any CPU
		{647309AD-66AE-4C80-8ABF-5C20CE06E680}.Debug|Any CPU.ActiveCfg = Debug|Any CPU
		{647309AD-66AE-4C80-8ABF-5C20CE06E680}.Debug|Any CPU.Build.0 = Debug|Any CPU
		{647309AD-66AE-4C80-8ABF-5C20CE06E680}.Release|Any CPU.ActiveCfg = Release|Any CPU
		{647309AD-66AE-4C80-8ABF-5C20CE06E680}.Release|Any CPU.Build.0 = Release|Any CPU
	EndGlobalSection
EndGlobal
